
Microsoft Visual Studio Solution File, Format Version 12.00
# Visual Studio Version 17
VisualStudioVersion = 17.5.33516.290
MinimumVisualStudioVersion = 10.0.40219.1
Project("{888888A0-9F3D-457C-B088-3A5042F75D52}") = "BingoBotPythonTestBranch", "BingoBotPythonTestBranch.pyproj", "{ED28494F-CFDF-4EDB-81A0-0A4202B09D62}"
EndProject
Global
	GlobalSection(SolutionConfigurationPlatforms) = preSolution
		Debug|Any CPU = Debug|Any CPU
		Release|Any CPU = Release|Any CPU
	EndGlobalSection
	GlobalSection(ProjectConfigurationPlatforms) = postSolution
		{ED28494F-CFDF-4EDB-81A0-0A4202B09D62}.Debug|Any CPU.ActiveCfg = Debug|Any CPU
		{ED28494F-CFDF-4EDB-81A0-0A4202B09D62}.Debug|Any CPU.Build.0 = Debug|Any CPU
		{ED28494F-CFDF-4EDB-81A0-0A4202B09D62}.Release|Any CPU.ActiveCfg = Release|Any CPU
		{ED28494F-CFDF-4EDB-81A0-0A4202B09D62}.Release|Any CPU.Build.0 = Release|Any CPU
	EndGlobalSection
	GlobalSection(SolutionProperties) = preSolution
		HideSolutionNode = FALSE
	EndGlobalSection
	GlobalSection(ExtensibilityGlobals) = postSolution
		SolutionGuid = {AC7C0F06-7905-49B3-B0FB-FFFFF5AACDA3}
	EndGlobalSection
EndGlobal
